
Microsoft Visual Studio Solution File, Format Version 12.00
# Visual Studio Version 17
VisualStudioVersion = 17.11.35312.102
MinimumVisualStudioVersion = 10.0.40219.1
Project("{FAE04EC0-301F-11D3-BF4B-00C04F79EFBC}") = "ParkingSensorApi", "ParkingSensorApi.csproj", "{FBCC1077-E7DB-4094-BF3A-522518142C96}"
EndProject
Global
	GlobalSection(SolutionConfigurationPlatforms) = preSolution
		Debug|Any CPU = Debug|Any CPU
		Release|Any CPU = Release|Any CPU
	EndGlobalSection
	GlobalSection(ProjectConfigurationPlatforms) = postSolution
		{FBCC1077-E7DB-4094-BF3A-522518142C96}.Debug|Any CPU.ActiveCfg = Debug|Any CPU
		{FBCC1077-E7DB-4094-BF3A-522518142C96}.Debug|Any CPU.Build.0 = Debug|Any CPU
		{FBCC1077-E7DB-4094-BF3A-522518142C96}.Release|Any CPU.ActiveCfg = Release|Any CPU
		{FBCC1077-E7DB-4094-BF3A-522518142C96}.Release|Any CPU.Build.0 = Release|Any CPU
	EndGlobalSection
	GlobalSection(SolutionProperties) = preSolution
		HideSolutionNode = FALSE
	EndGlobalSection
	GlobalSection(ExtensibilityGlobals) = postSolution
		SolutionGuid = {94662660-6A84-450B-9820-78085BC5A044}
	EndGlobalSection
EndGlobal
