
Microsoft Visual Studio Solution File, Format Version 12.00
# Visual Studio Version 17
VisualStudioVersion = 17.10.35027.167
MinimumVisualStudioVersion = 10.0.40219.1
Project("{FAE04EC0-301F-11D3-BF4B-00C04F79EFBC}") = "OrderWebAPI", "OrderWebAPI.csproj", "{5C7D6373-0744-4121-8418-B92C861DA0C2}"
EndProject
Global
	GlobalSection(SolutionConfigurationPlatforms) = preSolution
		Debug|Any CPU = Debug|Any CPU
		Release|Any CPU = Release|Any CPU
	EndGlobalSection
	GlobalSection(ProjectConfigurationPlatforms) = postSolution
		{5C7D6373-0744-4121-8418-B92C861DA0C2}.Debug|Any CPU.ActiveCfg = Debug|Any CPU
		{5C7D6373-0744-4121-8418-B92C861DA0C2}.Debug|Any CPU.Build.0 = Debug|Any CPU
		{5C7D6373-0744-4121-8418-B92C861DA0C2}.Release|Any CPU.ActiveCfg = Release|Any CPU
		{5C7D6373-0744-4121-8418-B92C861DA0C2}.Release|Any CPU.Build.0 = Release|Any CPU
	EndGlobalSection
	GlobalSection(SolutionProperties) = preSolution
		HideSolutionNode = FALSE
	EndGlobalSection
	GlobalSection(ExtensibilityGlobals) = postSolution
		SolutionGuid = {F3AA4C55-CF51-4A63-91FA-A7DFAB95C3A8}
	EndGlobalSection
EndGlobal
